// !$*UTF8*$!
{
	archiveVersion = 1;
	classes = {
	};
	objectVersion = 55;
	objects = {

/* Begin PBXBuildFile section */
		8672C38A28C29B830050B23B /* AppDelegate.swift in Sources */ = {isa = PBXBuildFile; fileRef = 8672C38928C29B830050B23B /* AppDelegate.swift */; };
		8672C38C28C29B830050B23B /* SceneDelegate.swift in Sources */ = {isa = PBXBuildFile; fileRef = 8672C38B28C29B830050B23B /* SceneDelegate.swift */; };
		8672C38E28C29B830050B23B /* LibraryMainViewController.swift in Sources */ = {isa = PBXBuildFile; fileRef = 8672C38D28C29B830050B23B /* LibraryMainViewController.swift */; };
		8672C39328C29B860050B23B /* Assets.xcassets in Resources */ = {isa = PBXBuildFile; fileRef = 8672C39228C29B860050B23B /* Assets.xcassets */; };
		8672C39628C29B860050B23B /* LaunchScreen.storyboard in Resources */ = {isa = PBXBuildFile; fileRef = 8672C39428C29B860050B23B /* LaunchScreen.storyboard */; };
		8672C39E28C29D7F0050B23B /* TabBarController.swift in Sources */ = {isa = PBXBuildFile; fileRef = 8672C39D28C29D7F0050B23B /* TabBarController.swift */; };
		8672C3A028C29DAC0050B23B /* ModuleBuilder.swift in Sources */ = {isa = PBXBuildFile; fileRef = 8672C39F28C29DAC0050B23B /* ModuleBuilder.swift */; };
		8672C3A228C29E1C0050B23B /* Router.swift in Sources */ = {isa = PBXBuildFile; fileRef = 8672C3A128C29E1C0050B23B /* Router.swift */; };
		8672C3A428C2A0620050B23B /* README.md in Resources */ = {isa = PBXBuildFile; fileRef = 8672C3A328C2A0620050B23B /* README.md */; };
		8672C3A928C2B0C90050B23B /* LibraryPresenter.swift in Sources */ = {isa = PBXBuildFile; fileRef = 8672C3A828C2B0C90050B23B /* LibraryPresenter.swift */; };
		8672C3AC28C2B3BB0050B23B /* UIView+.swift in Sources */ = {isa = PBXBuildFile; fileRef = 8672C3AB28C2B3BB0050B23B /* UIView+.swift */; };
/* End PBXBuildFile section */

/* Begin PBXFileReference section */
		8672C38628C29B830050B23B /* PhotoPicker.app */ = {isa = PBXFileReference; explicitFileType = wrapper.application; includeInIndex = 0; path = PhotoPicker.app; sourceTree = BUILT_PRODUCTS_DIR; };
		8672C38928C29B830050B23B /* AppDelegate.swift */ = {isa = PBXFileReference; lastKnownFileType = sourcecode.swift; path = AppDelegate.swift; sourceTree = "<group>"; };
		8672C38B28C29B830050B23B /* SceneDelegate.swift */ = {isa = PBXFileReference; lastKnownFileType = sourcecode.swift; path = SceneDelegate.swift; sourceTree = "<group>"; };
		8672C38D28C29B830050B23B /* LibraryMainViewController.swift */ = {isa = PBXFileReference; lastKnownFileType = sourcecode.swift; path = LibraryMainViewController.swift; sourceTree = "<group>"; };
		8672C39228C29B860050B23B /* Assets.xcassets */ = {isa = PBXFileReference; lastKnownFileType = folder.assetcatalog; path = Assets.xcassets; sourceTree = "<group>"; };
		8672C39528C29B860050B23B /* Base */ = {isa = PBXFileReference; lastKnownFileType = file.storyboard; name = Base; path = Base.lproj/LaunchScreen.storyboard; sourceTree = "<group>"; };
		8672C39728C29B860050B23B /* Info.plist */ = {isa = PBXFileReference; lastKnownFileType = text.plist.xml; path = Info.plist; sourceTree = "<group>"; };
		8672C39D28C29D7F0050B23B /* TabBarController.swift */ = {isa = PBXFileReference; lastKnownFileType = sourcecode.swift; path = TabBarController.swift; sourceTree = "<group>"; };
		8672C39F28C29DAC0050B23B /* ModuleBuilder.swift */ = {isa = PBXFileReference; lastKnownFileType = sourcecode.swift; path = ModuleBuilder.swift; sourceTree = "<group>"; };
		8672C3A128C29E1C0050B23B /* Router.swift */ = {isa = PBXFileReference; lastKnownFileType = sourcecode.swift; path = Router.swift; sourceTree = "<group>"; };
		8672C3A328C2A0620050B23B /* README.md */ = {isa = PBXFileReference; fileEncoding = 4; lastKnownFileType = net.daringfireball.markdown; path = README.md; sourceTree = "<group>"; };
		8672C3A828C2B0C90050B23B /* LibraryPresenter.swift */ = {isa = PBXFileReference; lastKnownFileType = sourcecode.swift; path = LibraryPresenter.swift; sourceTree = "<group>"; };
		8672C3AB28C2B3BB0050B23B /* UIView+.swift */ = {isa = PBXFileReference; lastKnownFileType = sourcecode.swift; path = "UIView+.swift"; sourceTree = "<group>"; };
/* End PBXFileReference section */

/* Begin PBXFrameworksBuildPhase section */
		8672C38328C29B830050B23B /* Frameworks */ = {
			isa = PBXFrameworksBuildPhase;
			buildActionMask = 2147483647;
			files = (
			);
			runOnlyForDeploymentPostprocessing = 0;
		};
/* End PBXFrameworksBuildPhase section */

/* Begin PBXGroup section */
		8672C37D28C29B830050B23B = {
			isa = PBXGroup;
			children = (
				8672C3A328C2A0620050B23B /* README.md */,
				8672C38828C29B830050B23B /* PhotoPicker */,
				8672C38728C29B830050B23B /* Products */,
			);
			sourceTree = "<group>";
		};
		8672C38728C29B830050B23B /* Products */ = {
			isa = PBXGroup;
			children = (
				8672C38628C29B830050B23B /* PhotoPicker.app */,
			);
			name = Products;
			sourceTree = "<group>";
		};
		8672C38828C29B830050B23B /* PhotoPicker */ = {
			isa = PBXGroup;
			children = (
				8672C38928C29B830050B23B /* AppDelegate.swift */,
				8672C38B28C29B830050B23B /* SceneDelegate.swift */,
				8672C39D28C29D7F0050B23B /* TabBarController.swift */,
				8672C39F28C29DAC0050B23B /* ModuleBuilder.swift */,
				8672C3A128C29E1C0050B23B /* Router.swift */,
				8672C3A528C2A4C20050B23B /* LibraryModule */,
				8672C3AA28C2B39E0050B23B /* Extension */,
				8672C39228C29B860050B23B /* Assets.xcassets */,
				8672C39428C29B860050B23B /* LaunchScreen.storyboard */,
				8672C39728C29B860050B23B /* Info.plist */,
			);
			path = PhotoPicker;
			sourceTree = "<group>";
		};
		8672C3A528C2A4C20050B23B /* LibraryModule */ = {
			isa = PBXGroup;
			children = (
				8672C3A628C2B09A0050B23B /* View */,
				8672C3A728C2B0A50050B23B /* Presenter */,
			);
			path = LibraryModule;
			sourceTree = "<group>";
		};
		8672C3A628C2B09A0050B23B /* View */ = {
			isa = PBXGroup;
			children = (
				8672C38D28C29B830050B23B /* LibraryMainViewController.swift */,
			);
			path = View;
			sourceTree = "<group>";
		};
		8672C3A728C2B0A50050B23B /* Presenter */ = {
			isa = PBXGroup;
			children = (
				8672C3A828C2B0C90050B23B /* LibraryPresenter.swift */,
			);
			path = Presenter;
			sourceTree = "<group>";
		};
		8672C3AA28C2B39E0050B23B /* Extension */ = {
			isa = PBXGroup;
			children = (
				8672C3AB28C2B3BB0050B23B /* UIView+.swift */,
			);
			path = Extension;
			sourceTree = "<group>";
		};
/* End PBXGroup section */

/* Begin PBXNativeTarget section */
		8672C38528C29B830050B23B /* PhotoPicker */ = {
			isa = PBXNativeTarget;
			buildConfigurationList = 8672C39A28C29B860050B23B /* Build configuration list for PBXNativeTarget "PhotoPicker" */;
			buildPhases = (
				8672C38228C29B830050B23B /* Sources */,
				8672C38328C29B830050B23B /* Frameworks */,
				8672C38428C29B830050B23B /* Resources */,
			);
			buildRules = (
			);
			dependencies = (
			);
			name = PhotoPicker;
			productName = PhotoPicker;
			productReference = 8672C38628C29B830050B23B /* PhotoPicker.app */;
			productType = "com.apple.product-type.application";
		};
/* End PBXNativeTarget section */

/* Begin PBXProject section */
		8672C37E28C29B830050B23B /* Project object */ = {
			isa = PBXProject;
			attributes = {
				BuildIndependentTargetsInParallel = 1;
				LastSwiftUpdateCheck = 1340;
				LastUpgradeCheck = 1340;
				TargetAttributes = {
					8672C38528C29B830050B23B = {
						CreatedOnToolsVersion = 13.4.1;
					};
				};
			};
			buildConfigurationList = 8672C38128C29B830050B23B /* Build configuration list for PBXProject "PhotoPicker" */;
			compatibilityVersion = "Xcode 13.0";
			developmentRegion = en;
			hasScannedForEncodings = 0;
			knownRegions = (
				en,
				Base,
			);
			mainGroup = 8672C37D28C29B830050B23B;
			productRefGroup = 8672C38728C29B830050B23B /* Products */;
			projectDirPath = "";
			projectRoot = "";
			targets = (
				8672C38528C29B830050B23B /* PhotoPicker */,
			);
		};
/* End PBXProject section */

/* Begin PBXResourcesBuildPhase section */
		8672C38428C29B830050B23B /* Resources */ = {
			isa = PBXResourcesBuildPhase;
			buildActionMask = 2147483647;
			files = (
				8672C3A428C2A0620050B23B /* README.md in Resources */,
				8672C39628C29B860050B23B /* LaunchScreen.storyboard in Resources */,
				8672C39328C29B860050B23B /* Assets.xcassets in Resources */,
			);
			runOnlyForDeploymentPostprocessing = 0;
		};
/* End PBXResourcesBuildPhase section */

/* Begin PBXSourcesBuildPhase section */
		8672C38228C29B830050B23B /* Sources */ = {
			isa = PBXSourcesBuildPhase;
			buildActionMask = 2147483647;
			files = (
				8672C38E28C29B830050B23B /* LibraryMainViewController.swift in Sources */,
				8672C3A028C29DAC0050B23B /* ModuleBuilder.swift in Sources */,
				8672C39E28C29D7F0050B23B /* TabBarController.swift in Sources */,
				8672C38A28C29B830050B23B /* AppDelegate.swift in Sources */,
				8672C3AC28C2B3BB0050B23B /* UIView+.swift in Sources */,
				8672C3A228C29E1C0050B23B /* Router.swift in Sources */,
				8672C38C28C29B830050B23B /* SceneDelegate.swift in Sources */,
				8672C3A928C2B0C90050B23B /* LibraryPresenter.swift in Sources */,
			);
			runOnlyForDeploymentPostprocessing = 0;
		};
/* End PBXSourcesBuildPhase section */

/* Begin PBXVariantGroup section */
		8672C39428C29B860050B23B /* LaunchScreen.storyboard */ = {
			isa = PBXVariantGroup;
			children = (
				8672C39528C29B860050B23B /* Base */,
			);
			name = LaunchScreen.storyboard;
			sourceTree = "<group>";
		};
/* End PBXVariantGroup section */

/* Begin XCBuildConfiguration section */
		8672C39828C29B860050B23B /* Debug */ = {
			isa = XCBuildConfiguration;
			buildSettings = {
				ALWAYS_SEARCH_USER_PATHS = NO;
				CLANG_ANALYZER_NONNULL = YES;
				CLANG_ANALYZER_NUMBER_OBJECT_CONVERSION = YES_AGGRESSIVE;
				CLANG_CXX_LANGUAGE_STANDARD = "gnu++17";
				CLANG_ENABLE_MODULES = YES;
				CLANG_ENABLE_OBJC_ARC = YES;
				CLANG_ENABLE_OBJC_WEAK = YES;
				CLANG_WARN_BLOCK_CAPTURE_AUTORELEASING = YES;
				CLANG_WARN_BOOL_CONVERSION = YES;
				CLANG_WARN_COMMA = YES;
				CLANG_WARN_CONSTANT_CONVERSION = YES;
				CLANG_WARN_DEPRECATED_OBJC_IMPLEMENTATIONS = YES;
				CLANG_WARN_DIRECT_OBJC_ISA_USAGE = YES_ERROR;
				CLANG_WARN_DOCUMENTATION_COMMENTS = YES;
				CLANG_WARN_EMPTY_BODY = YES;
				CLANG_WARN_ENUM_CONVERSION = YES;
				CLANG_WARN_INFINITE_RECURSION = YES;
				CLANG_WARN_INT_CONVERSION = YES;
				CLANG_WARN_NON_LITERAL_NULL_CONVERSION = YES;
				CLANG_WARN_OBJC_IMPLICIT_RETAIN_SELF = YES;
				CLANG_WARN_OBJC_LITERAL_CONVERSION = YES;
				CLANG_WARN_OBJC_ROOT_CLASS = YES_ERROR;
				CLANG_WARN_QUOTED_INCLUDE_IN_FRAMEWORK_HEADER = YES;
				CLANG_WARN_RANGE_LOOP_ANALYSIS = YES;
				CLANG_WARN_STRICT_PROTOTYPES = YES;
				CLANG_WARN_SUSPICIOUS_MOVE = YES;
				CLANG_WARN_UNGUARDED_AVAILABILITY = YES_AGGRESSIVE;
				CLANG_WARN_UNREACHABLE_CODE = YES;
				CLANG_WARN__DUPLICATE_METHOD_MATCH = YES;
				COPY_PHASE_STRIP = NO;
				DEBUG_INFORMATION_FORMAT = dwarf;
				ENABLE_STRICT_OBJC_MSGSEND = YES;
				ENABLE_TESTABILITY = YES;
				GCC_C_LANGUAGE_STANDARD = gnu11;
				GCC_DYNAMIC_NO_PIC = NO;
				GCC_NO_COMMON_BLOCKS = YES;
				GCC_OPTIMIZATION_LEVEL = 0;
				GCC_PREPROCESSOR_DEFINITIONS = (
					"DEBUG=1",
					"$(inherited)",
				);
				GCC_WARN_64_TO_32_BIT_CONVERSION = YES;
				GCC_WARN_ABOUT_RETURN_TYPE = YES_ERROR;
				GCC_WARN_UNDECLARED_SELECTOR = YES;
				GCC_WARN_UNINITIALIZED_AUTOS = YES_AGGRESSIVE;
				GCC_WARN_UNUSED_FUNCTION = YES;
				GCC_WARN_UNUSED_VARIABLE = YES;
				IPHONEOS_DEPLOYMENT_TARGET = 15.5;
				MTL_ENABLE_DEBUG_INFO = INCLUDE_SOURCE;
				MTL_FAST_MATH = YES;
				ONLY_ACTIVE_ARCH = YES;
				SDKROOT = iphoneos;
				SWIFT_ACTIVE_COMPILATION_CONDITIONS = DEBUG;
				SWIFT_OPTIMIZATION_LEVEL = "-Onone";
			};
			name = Debug;
		};
		8672C39928C29B860050B23B /* Release */ = {
			isa = XCBuildConfiguration;
			buildSettings = {
				ALWAYS_SEARCH_USER_PATHS = NO;
				CLANG_ANALYZER_NONNULL = YES;
				CLANG_ANALYZER_NUMBER_OBJECT_CONVERSION = YES_AGGRESSIVE;
				CLANG_CXX_LANGUAGE_STANDARD = "gnu++17";
				CLANG_ENABLE_MODULES = YES;
				CLANG_ENABLE_OBJC_ARC = YES;
				CLANG_ENABLE_OBJC_WEAK = YES;
				CLANG_WARN_BLOCK_CAPTURE_AUTORELEASING = YES;
				CLANG_WARN_BOOL_CONVERSION = YES;
				CLANG_WARN_COMMA = YES;
				CLANG_WARN_CONSTANT_CONVERSION = YES;
				CLANG_WARN_DEPRECATED_OBJC_IMPLEMENTATIONS = YES;
				CLANG_WARN_DIRECT_OBJC_ISA_USAGE = YES_ERROR;
				CLANG_WARN_DOCUMENTATION_COMMENTS = YES;
				CLANG_WARN_EMPTY_BODY = YES;
				CLANG_WARN_ENUM_CONVERSION = YES;
				CLANG_WARN_INFINITE_RECURSION = YES;
				CLANG_WARN_INT_CONVERSION = YES;
				CLANG_WARN_NON_LITERAL_NULL_CONVERSION = YES;
				CLANG_WARN_OBJC_IMPLICIT_RETAIN_SELF = YES;
				CLANG_WARN_OBJC_LITERAL_CONVERSION = YES;
				CLANG_WARN_OBJC_ROOT_CLASS = YES_ERROR;
				CLANG_WARN_QUOTED_INCLUDE_IN_FRAMEWORK_HEADER = YES;
				CLANG_WARN_RANGE_LOOP_ANALYSIS = YES;
				CLANG_WARN_STRICT_PROTOTYPES = YES;
				CLANG_WARN_SUSPICIOUS_MOVE = YES;
				CLANG_WARN_UNGUARDED_AVAILABILITY = YES_AGGRESSIVE;
				CLANG_WARN_UNREACHABLE_CODE = YES;
				CLANG_WARN__DUPLICATE_METHOD_MATCH = YES;
				COPY_PHASE_STRIP = NO;
				DEBUG_INFORMATION_FORMAT = "dwarf-with-dsym";
				ENABLE_NS_ASSERTIONS = NO;
				ENABLE_STRICT_OBJC_MSGSEND = YES;
				GCC_C_LANGUAGE_STANDARD = gnu11;
				GCC_NO_COMMON_BLOCKS = YES;
				GCC_WARN_64_TO_32_BIT_CONVERSION = YES;
				GCC_WARN_ABOUT_RETURN_TYPE = YES_ERROR;
				GCC_WARN_UNDECLARED_SELECTOR = YES;
				GCC_WARN_UNINITIALIZED_AUTOS = YES_AGGRESSIVE;
				GCC_WARN_UNUSED_FUNCTION = YES;
				GCC_WARN_UNUSED_VARIABLE = YES;
				IPHONEOS_DEPLOYMENT_TARGET = 15.5;
				MTL_ENABLE_DEBUG_INFO = NO;
				MTL_FAST_MATH = YES;
				SDKROOT = iphoneos;
				SWIFT_COMPILATION_MODE = wholemodule;
				SWIFT_OPTIMIZATION_LEVEL = "-O";
				VALIDATE_PRODUCT = YES;
			};
			name = Release;
		};
		8672C39B28C29B860050B23B /* Debug */ = {
			isa = XCBuildConfiguration;
			buildSettings = {
				ASSETCATALOG_COMPILER_APPICON_NAME = AppIcon;
				ASSETCATALOG_COMPILER_GLOBAL_ACCENT_COLOR_NAME = AccentColor;
				CODE_SIGN_STYLE = Automatic;
				CURRENT_PROJECT_VERSION = 1;
				DEVELOPMENT_TEAM = 4WQFD456R9;
				GENERATE_INFOPLIST_FILE = YES;
				INFOPLIST_FILE = PhotoPicker/Info.plist;
				INFOPLIST_KEY_UIApplicationSupportsIndirectInputEvents = YES;
				INFOPLIST_KEY_UILaunchStoryboardName = LaunchScreen;
				INFOPLIST_KEY_UISupportedInterfaceOrientations_iPad = "UIInterfaceOrientationPortrait UIInterfaceOrientationPortraitUpsideDown UIInterfaceOrientationLandscapeLeft UIInterfaceOrientationLandscapeRight";
				INFOPLIST_KEY_UISupportedInterfaceOrientations_iPhone = "UIInterfaceOrientationPortrait UIInterfaceOrientationLandscapeLeft UIInterfaceOrientationLandscapeRight";
				LD_RUNPATH_SEARCH_PATHS = (
					"$(inherited)",
					"@executable_path/Frameworks",
				);
				MARKETING_VERSION = 1.0;
				PRODUCT_BUNDLE_IDENTIFIER = IliaByHimself.PhotoPicker;
				PRODUCT_NAME = "$(TARGET_NAME)";
				SWIFT_EMIT_LOC_STRINGS = YES;
				SWIFT_VERSION = 5.0;
				TARGETED_DEVICE_FAMILY = "1,2";
			};
			name = Debug;
		};
		8672C39C28C29B860050B23B /* Release */ = {
			isa = XCBuildConfiguration;
			buildSettings = {
				ASSETCATALOG_COMPILER_APPICON_NAME = AppIcon;
				ASSETCATALOG_COMPILER_GLOBAL_ACCENT_COLOR_NAME = AccentColor;
				CODE_SIGN_STYLE = Automatic;
				CURRENT_PROJECT_VERSION = 1;
				DEVELOPMENT_TEAM = 4WQFD456R9;
				GENERATE_INFOPLIST_FILE = YES;
				INFOPLIST_FILE = PhotoPicker/Info.plist;
				INFOPLIST_KEY_UIApplicationSupportsIndirectInputEvents = YES;
				INFOPLIST_KEY_UILaunchStoryboardName = LaunchScreen;
				INFOPLIST_KEY_UISupportedInterfaceOrientations_iPad = "UIInterfaceOrientationPortrait UIInterfaceOrientationPortraitUpsideDown UIInterfaceOrientationLandscapeLeft UIInterfaceOrientationLandscapeRight";
				INFOPLIST_KEY_UISupportedInterfaceOrientations_iPhone = "UIInterfaceOrientationPortrait UIInterfaceOrientationLandscapeLeft UIInterfaceOrientationLandscapeRight";
				LD_RUNPATH_SEARCH_PATHS = (
					"$(inherited)",
					"@executable_path/Frameworks",
				);
				MARKETING_VERSION = 1.0;
				PRODUCT_BUNDLE_IDENTIFIER = IliaByHimself.PhotoPicker;
				PRODUCT_NAME = "$(TARGET_NAME)";
				SWIFT_EMIT_LOC_STRINGS = YES;
				SWIFT_VERSION = 5.0;
				TARGETED_DEVICE_FAMILY = "1,2";
			};
			name = Release;
		};
/* End XCBuildConfiguration section */

/* Begin XCConfigurationList section */
		8672C38128C29B830050B23B /* Build configuration list for PBXProject "PhotoPicker" */ = {
			isa = XCConfigurationList;
			buildConfigurations = (
				8672C39828C29B860050B23B /* Debug */,
				8672C39928C29B860050B23B /* Release */,
			);
			defaultConfigurationIsVisible = 0;
			defaultConfigurationName = Release;
		};
		8672C39A28C29B860050B23B /* Build configuration list for PBXNativeTarget "PhotoPicker" */ = {
			isa = XCConfigurationList;
			buildConfigurations = (
				8672C39B28C29B860050B23B /* Debug */,
				8672C39C28C29B860050B23B /* Release */,
			);
			defaultConfigurationIsVisible = 0;
			defaultConfigurationName = Release;
		};
/* End XCConfigurationList section */
	};
	rootObject = 8672C37E28C29B830050B23B /* Project object */;
}
